
Microsoft Visual Studio Solution File, Format Version 12.00
# Visual Studio Version 17
VisualStudioVersion = 17.9.34902.65
MinimumVisualStudioVersion = 10.0.40219.1
Project("{9A19103F-16F7-4668-BE54-9A1E7A4F7556}") = "Api", "Api\Api.csproj", "{837583DF-58D3-4AB8-9D24-7F2A151EB591}"
EndProject
Project("{9A19103F-16F7-4668-BE54-9A1E7A4F7556}") = "UnitTests", "UnitTests\UnitTests.csproj", "{BFFE9CAB-2BA2-4CB9-A87B-8F53C40D7670}"
EndProject
Global
	GlobalSection(SolutionConfigurationPlatforms) = preSolution
		Debug|Any CPU = Debug|Any CPU
		Release|Any CPU = Release|Any CPU
	EndGlobalSection
	GlobalSection(ProjectConfigurationPlatforms) = postSolution
		{837583DF-58D3-4AB8-9D24-7F2A151EB591}.Debug|Any CPU.ActiveCfg = Debug|Any CPU
		{837583DF-58D3-4AB8-9D24-7F2A151EB591}.Debug|Any CPU.Build.0 = Debug|Any CPU
		{837583DF-58D3-4AB8-9D24-7F2A151EB591}.Release|Any CPU.ActiveCfg = Release|Any CPU
		{837583DF-58D3-4AB8-9D24-7F2A151EB591}.Release|Any CPU.Build.0 = Release|Any CPU
		{BFFE9CAB-2BA2-4CB9-A87B-8F53C40D7670}.Debug|Any CPU.ActiveCfg = Debug|Any CPU
		{BFFE9CAB-2BA2-4CB9-A87B-8F53C40D7670}.Debug|Any CPU.Build.0 = Debug|Any CPU
		{BFFE9CAB-2BA2-4CB9-A87B-8F53C40D7670}.Release|Any CPU.ActiveCfg = Release|Any CPU
		{BFFE9CAB-2BA2-4CB9-A87B-8F53C40D7670}.Release|Any CPU.Build.0 = Release|Any CPU
	EndGlobalSection
	GlobalSection(SolutionProperties) = preSolution
		HideSolutionNode = FALSE
	EndGlobalSection
	GlobalSection(ExtensibilityGlobals) = postSolution
		SolutionGuid = {F2179C75-C1CC-46F0-A458-CA1EB0C3B0A9}
	EndGlobalSection
EndGlobal
